
Microsoft Visual Studio Solution File, Format Version 12.00
# Visual Studio Version 16
VisualStudioVersion = 16.0.29102.190
MinimumVisualStudioVersion = 10.0.40219.1
Project("{FAE04EC0-301F-11D3-BF4B-00C04F79EFBC}") = "Gauge", "Gauge\Gauge.csproj", "{EDFBCFD1-228F-41BF-8570-D0B4CC81D9F7}"
EndProject
Global
	GlobalSection(SolutionConfigurationPlatforms) = preSolution
		Debug|Any CPU = Debug|Any CPU
		Release|Any CPU = Release|Any CPU
	EndGlobalSection
	GlobalSection(ProjectConfigurationPlatforms) = postSolution
		{EDFBCFD1-228F-41BF-8570-D0B4CC81D9F7}.Debug|Any CPU.ActiveCfg = Debug|Any CPU
		{EDFBCFD1-228F-41BF-8570-D0B4CC81D9F7}.Debug|Any CPU.Build.0 = Debug|Any CPU
		{EDFBCFD1-228F-41BF-8570-D0B4CC81D9F7}.Release|Any CPU.ActiveCfg = Release|Any CPU
		{EDFBCFD1-228F-41BF-8570-D0B4CC81D9F7}.Release|Any CPU.Build.0 = Release|Any CPU
	EndGlobalSection
	GlobalSection(SolutionProperties) = preSolution
		HideSolutionNode = FALSE
	EndGlobalSection
	GlobalSection(ExtensibilityGlobals) = postSolution
		SolutionGuid = {4CC3F8A2-4E5C-4DCA-B5A1-1022222E9E41}
	EndGlobalSection
EndGlobal
